
Microsoft Visual Studio Solution File, Format Version 12.00
# Visual Studio 2012
Project("{FAE04EC0-301F-11D3-BF4B-00C04F79EFBC}") = "Hopper_Rides", "Hopper_Rides.csproj", "{3C6BD6F3-53B0-4D89-9114-BA7C578CFC92}"
EndProject
Global
	GlobalSection(SolutionConfigurationPlatforms) = preSolution
		Debug|Any CPU = Debug|Any CPU
		Release|Any CPU = Release|Any CPU
	EndGlobalSection
	GlobalSection(ProjectConfigurationPlatforms) = postSolution
		{3C6BD6F3-53B0-4D89-9114-BA7C578CFC92}.Debug|Any CPU.ActiveCfg = Debug|Any CPU
		{3C6BD6F3-53B0-4D89-9114-BA7C578CFC92}.Debug|Any CPU.Build.0 = Debug|Any CPU
		{3C6BD6F3-53B0-4D89-9114-BA7C578CFC92}.Release|Any CPU.ActiveCfg = Release|Any CPU
		{3C6BD6F3-53B0-4D89-9114-BA7C578CFC92}.Release|Any CPU.Build.0 = Release|Any CPU
	EndGlobalSection
EndGlobal
