
Microsoft Visual Studio Solution File, Format Version 12.00
# Visual Studio 14
VisualStudioVersion = 14.0.25420.1
MinimumVisualStudioVersion = 10.0.40219.1
Project("{FAE04EC0-301F-11D3-BF4B-00C04F79EFBC}") = "Hopper_Rides.Droid", "Hopper Rides\Hopper_Rides.Droid\Hopper_Rides.Droid.csproj", "{636C0801-B891-4459-B24E-470647CDFDF3}"
EndProject
Project("{FAE04EC0-301F-11D3-BF4B-00C04F79EFBC}") = "Hopper_Rides.iOS", "Hopper Rides\Hopper_Rides.iOS\Hopper_Rides.iOS.csproj", "{4B905E22-7337-410E-84F2-36C9B2E04403}"
EndProject
Project("{FAE04EC0-301F-11D3-BF4B-00C04F79EFBC}") = "Hopper_Rides.WinPhone", "Hopper Rides\Hopper_Rides.WinPhone\Hopper_Rides.WinPhone.csproj", "{5ABD709E-DEF5-496F-9CAC-4AC098E03A3A}"
EndProject
Project("{FAE04EC0-301F-11D3-BF4B-00C04F79EFBC}") = "Hopper_Rides.Windows", "Hopper Rides\Hopper_Rides.Windows\Hopper_Rides.Windows.csproj", "{71F324A1-52D7-41C8-9DB9-BB3719908C1A}"
EndProject
Project("{D954291E-2A0B-460D-934E-DC6B0785DB48}") = "Hopper_Rides", "Hopper Rides\Hopper_Rides\Hopper_Rides.shproj", "{56DB0511-35D6-4811-91ED-B6A2DEB1F0B6}"
EndProject
Global
	GlobalSection(SharedMSBuildProjectFiles) = preSolution
		Hopper Rides\Hopper_Rides\Hopper_Rides.projitems*{56db0511-35d6-4811-91ed-b6a2deb1f0b6}*SharedItemsImports = 13
	EndGlobalSection
	GlobalSection(SolutionConfigurationPlatforms) = preSolution
		Ad-Hoc|Any CPU = Ad-Hoc|Any CPU
		Ad-Hoc|ARM = Ad-Hoc|ARM
		Ad-Hoc|iPhone = Ad-Hoc|iPhone
		Ad-Hoc|iPhoneSimulator = Ad-Hoc|iPhoneSimulator
		Ad-Hoc|x64 = Ad-Hoc|x64
		Ad-Hoc|x86 = Ad-Hoc|x86
		AppStore|Any CPU = AppStore|Any CPU
		AppStore|ARM = AppStore|ARM
		AppStore|iPhone = AppStore|iPhone
		AppStore|iPhoneSimulator = AppStore|iPhoneSimulator
		AppStore|x64 = AppStore|x64
		AppStore|x86 = AppStore|x86
		Debug|Any CPU = Debug|Any CPU
		Debug|ARM = Debug|ARM
		Debug|iPhone = Debug|iPhone
		Debug|iPhoneSimulator = Debug|iPhoneSimulator
		Debug|x64 = Debug|x64
		Debug|x86 = Debug|x86
		Release|Any CPU = Release|Any CPU
		Release|ARM = Release|ARM
		Release|iPhone = Release|iPhone
		Release|iPhoneSimulator = Release|iPhoneSimulator
		Release|x64 = Release|x64
		Release|x86 = Release|x86
	EndGlobalSection
	GlobalSection(ProjectConfigurationPlatforms) = postSolution
		{636C0801-B891-4459-B24E-470647CDFDF3}.Ad-Hoc|Any CPU.ActiveCfg = Release|Any CPU
		{636C0801-B891-4459-B24E-470647CDFDF3}.Ad-Hoc|Any CPU.Build.0 = Release|Any CPU
		{636C0801-B891-4459-B24E-470647CDFDF3}.Ad-Hoc|Any CPU.Deploy.0 = Release|Any CPU
		{636C0801-B891-4459-B24E-470647CDFDF3}.Ad-Hoc|ARM.ActiveCfg = Release|Any CPU
		{636C0801-B891-4459-B24E-470647CDFDF3}.Ad-Hoc|ARM.Build.0 = Release|Any CPU
		{636C0801-B891-4459-B24E-470647CDFDF3}.Ad-Hoc|ARM.Deploy.0 = Release|Any CPU
		{636C0801-B891-4459-B24E-470647CDFDF3}.Ad-Hoc|iPhone.ActiveCfg = Release|Any CPU
		{636C0801-B891-4459-B24E-470647CDFDF3}.Ad-Hoc|iPhone.Build.0 = Release|Any CPU
		{636C0801-B891-4459-B24E-470647CDFDF3}.Ad-Hoc|iPhone.Deploy.0 = Release|Any CPU
		{636C0801-B891-4459-B24E-470647CDFDF3}.Ad-Hoc|iPhoneSimulator.ActiveCfg = Release|Any CPU
		{636C0801-B891-4459-B24E-470647CDFDF3}.Ad-Hoc|iPhoneSimulator.Build.0 = Release|Any CPU
		{636C0801-B891-4459-B24E-470647CDFDF3}.Ad-Hoc|iPhoneSimulator.Deploy.0 = Release|Any CPU
		{636C0801-B891-4459-B24E-470647CDFDF3}.Ad-Hoc|x64.ActiveCfg = Release|Any CPU
		{636C0801-B891-4459-B24E-470647CDFDF3}.Ad-Hoc|x64.Build.0 = Release|Any CPU
		{636C0801-B891-4459-B24E-470647CDFDF3}.Ad-Hoc|x64.Deploy.0 = Release|Any CPU
		{636C0801-B891-4459-B24E-470647CDFDF3}.Ad-Hoc|x86.ActiveCfg = Release|Any CPU
		{636C0801-B891-4459-B24E-470647CDFDF3}.Ad-Hoc|x86.Build.0 = Release|Any CPU
		{636C0801-B891-4459-B24E-470647CDFDF3}.Ad-Hoc|x86.Deploy.0 = Release|Any CPU
		{636C0801-B891-4459-B24E-470647CDFDF3}.AppStore|Any CPU.ActiveCfg = Release|Any CPU
		{636C0801-B891-4459-B24E-470647CDFDF3}.AppStore|Any CPU.Build.0 = Release|Any CPU
		{636C0801-B891-4459-B24E-470647CDFDF3}.AppStore|Any CPU.Deploy.0 = Release|Any CPU
		{636C0801-B891-4459-B24E-470647CDFDF3}.AppStore|ARM.ActiveCfg = Release|Any CPU
		{636C0801-B891-4459-B24E-470647CDFDF3}.AppStore|ARM.Build.0 = Release|Any CPU
		{636C0801-B891-4459-B24E-470647CDFDF3}.AppStore|ARM.Deploy.0 = Release|Any CPU
		{636C0801-B891-4459-B24E-470647CDFDF3}.AppStore|iPhone.ActiveCfg = Release|Any CPU
		{636C0801-B891-4459-B24E-470647CDFDF3}.AppStore|iPhone.Build.0 = Release|Any CPU
		{636C0801-B891-4459-B24E-470647CDFDF3}.AppStore|iPhone.Deploy.0 = Release|Any CPU
		{636C0801-B891-4459-B24E-470647CDFDF3}.AppStore|iPhoneSimulator.ActiveCfg = Release|Any CPU
		{636C0801-B891-4459-B24E-470647CDFDF3}.AppStore|iPhoneSimulator.Build.0 = Release|Any CPU
		{636C0801-B891-4459-B24E-470647CDFDF3}.AppStore|iPhoneSimulator.Deploy.0 = Release|Any CPU
		{636C0801-B891-4459-B24E-470647CDFDF3}.AppStore|x64.ActiveCfg = Release|Any CPU
		{636C0801-B891-4459-B24E-470647CDFDF3}.AppStore|x64.Build.0 = Release|Any CPU
		{636C0801-B891-4459-B24E-470647CDFDF3}.AppStore|x64.Deploy.0 = Release|Any CPU
		{636C0801-B891-4459-B24E-470647CDFDF3}.AppStore|x86.ActiveCfg = Release|Any CPU
		{636C0801-B891-4459-B24E-470647CDFDF3}.AppStore|x86.Build.0 = Release|Any CPU
		{636C0801-B891-4459-B24E-470647CDFDF3}.AppStore|x86.Deploy.0 = Release|Any CPU
		{636C0801-B891-4459-B24E-470647CDFDF3}.Debug|Any CPU.ActiveCfg = Debug|Any CPU
		{636C0801-B891-4459-B24E-470647CDFDF3}.Debug|Any CPU.Build.0 = Debug|Any CPU
		{636C0801-B891-4459-B24E-470647CDFDF3}.Debug|Any CPU.Deploy.0 = Debug|Any CPU
		{636C0801-B891-4459-B24E-470647CDFDF3}.Debug|ARM.ActiveCfg = Debug|Any CPU
		{636C0801-B891-4459-B24E-470647CDFDF3}.Debug|ARM.Build.0 = Debug|Any CPU
		{636C0801-B891-4459-B24E-470647CDFDF3}.Debug|ARM.Deploy.0 = Debug|Any CPU
		{636C0801-B891-4459-B24E-470647CDFDF3}.Debug|iPhone.ActiveCfg = Debug|Any CPU
		{636C0801-B891-4459-B24E-470647CDFDF3}.Debug|iPhone.Build.0 = Debug|Any CPU
		{636C0801-B891-4459-B24E-470647CDFDF3}.Debug|iPhone.Deploy.0 = Debug|Any CPU
		{636C0801-B891-4459-B24E-470647CDFDF3}.Debug|iPhoneSimulator.ActiveCfg = Debug|Any CPU
		{636C0801-B891-4459-B24E-470647CDFDF3}.Debug|iPhoneSimulator.Build.0 = Debug|Any CPU
		{636C0801-B891-4459-B24E-470647CDFDF3}.Debug|iPhoneSimulator.Deploy.0 = Debug|Any CPU
		{636C0801-B891-4459-B24E-470647CDFDF3}.Debug|x64.ActiveCfg = Debug|Any CPU
		{636C0801-B891-4459-B24E-470647CDFDF3}.Debug|x64.Build.0 = Debug|Any CPU
		{636C0801-B891-4459-B24E-470647CDFDF3}.Debug|x64.Deploy.0 = Debug|Any CPU
		{636C0801-B891-4459-B24E-470647CDFDF3}.Debug|x86.ActiveCfg = Debug|Any CPU
		{636C0801-B891-4459-B24E-470647CDFDF3}.Debug|x86.Build.0 = Debug|Any CPU
		{636C0801-B891-4459-B24E-470647CDFDF3}.Debug|x86.Deploy.0 = Debug|Any CPU
		{636C0801-B891-4459-B24E-470647CDFDF3}.Release|Any CPU.ActiveCfg = Release|Any CPU
		{636C0801-B891-4459-B24E-470647CDFDF3}.Release|Any CPU.Build.0 = Release|Any CPU
		{636C0801-B891-4459-B24E-470647CDFDF3}.Release|Any CPU.Deploy.0 = Release|Any CPU
		{636C0801-B891-4459-B24E-470647CDFDF3}.Release|ARM.ActiveCfg = Release|Any CPU
		{636C0801-B891-4459-B24E-470647CDFDF3}.Release|ARM.Build.0 = Release|Any CPU
		{636C0801-B891-4459-B24E-470647CDFDF3}.Release|ARM.Deploy.0 = Release|Any CPU
		{636C0801-B891-4459-B24E-470647CDFDF3}.Release|iPhone.ActiveCfg = Release|Any CPU
		{636C0801-B891-4459-B24E-470647CDFDF3}.Release|iPhone.Build.0 = Release|Any CPU
		{636C0801-B891-4459-B24E-470647CDFDF3}.Release|iPhone.Deploy.0 = Release|Any CPU
		{636C0801-B891-4459-B24E-470647CDFDF3}.Release|iPhoneSimulator.ActiveCfg = Release|Any CPU
		{636C0801-B891-4459-B24E-470647CDFDF3}.Release|iPhoneSimulator.Build.0 = Release|Any CPU
		{636C0801-B891-4459-B24E-470647CDFDF3}.Release|iPhoneSimulator.Deploy.0 = Release|Any CPU
		{636C0801-B891-4459-B24E-470647CDFDF3}.Release|x64.ActiveCfg = Release|Any CPU
		{636C0801-B891-4459-B24E-470647CDFDF3}.Release|x64.Build.0 = Release|Any CPU
		{636C0801-B891-4459-B24E-470647CDFDF3}.Release|x64.Deploy.0 = Release|Any CPU
		{636C0801-B891-4459-B24E-470647CDFDF3}.Release|x86.ActiveCfg = Release|Any CPU
		{636C0801-B891-4459-B24E-470647CDFDF3}.Release|x86.Build.0 = Release|Any CPU
		{636C0801-B891-4459-B24E-470647CDFDF3}.Release|x86.Deploy.0 = Release|Any CPU
		{4B905E22-7337-410E-84F2-36C9B2E04403}.Ad-Hoc|Any CPU.ActiveCfg = Ad-Hoc|iPhone
		{4B905E22-7337-410E-84F2-36C9B2E04403}.Ad-Hoc|ARM.ActiveCfg = Ad-Hoc|iPhone
		{4B905E22-7337-410E-84F2-36C9B2E04403}.Ad-Hoc|iPhone.ActiveCfg = Ad-Hoc|iPhone
		{4B905E22-7337-410E-84F2-36C9B2E04403}.Ad-Hoc|iPhone.Build.0 = Ad-Hoc|iPhone
		{4B905E22-7337-410E-84F2-36C9B2E04403}.Ad-Hoc|iPhoneSimulator.ActiveCfg = Ad-Hoc|iPhoneSimulator
		{4B905E22-7337-410E-84F2-36C9B2E04403}.Ad-Hoc|iPhoneSimulator.Build.0 = Ad-Hoc|iPhoneSimulator
		{4B905E22-7337-410E-84F2-36C9B2E04403}.Ad-Hoc|x64.ActiveCfg = Ad-Hoc|iPhone
		{4B905E22-7337-410E-84F2-36C9B2E04403}.Ad-Hoc|x86.ActiveCfg = Ad-Hoc|iPhone
		{4B905E22-7337-410E-84F2-36C9B2E04403}.AppStore|Any CPU.ActiveCfg = AppStore|iPhone
		{4B905E22-7337-410E-84F2-36C9B2E04403}.AppStore|ARM.ActiveCfg = AppStore|iPhone
		{4B905E22-7337-410E-84F2-36C9B2E04403}.AppStore|iPhone.ActiveCfg = AppStore|iPhone
		{4B905E22-7337-410E-84F2-36C9B2E04403}.AppStore|iPhone.Build.0 = AppStore|iPhone
		{4B905E22-7337-410E-84F2-36C9B2E04403}.AppStore|iPhoneSimulator.ActiveCfg = AppStore|iPhoneSimulator
		{4B905E22-7337-410E-84F2-36C9B2E04403}.AppStore|iPhoneSimulator.Build.0 = AppStore|iPhoneSimulator
		{4B905E22-7337-410E-84F2-36C9B2E04403}.AppStore|x64.ActiveCfg = AppStore|iPhone
		{4B905E22-7337-410E-84F2-36C9B2E04403}.AppStore|x86.ActiveCfg = AppStore|iPhone
		{4B905E22-7337-410E-84F2-36C9B2E04403}.Debug|Any CPU.ActiveCfg = Debug|iPhone
		{4B905E22-7337-410E-84F2-36C9B2E04403}.Debug|ARM.ActiveCfg = Debug|iPhone
		{4B905E22-7337-410E-84F2-36C9B2E04403}.Debug|iPhone.ActiveCfg = Debug|iPhone
		{4B905E22-7337-410E-84F2-36C9B2E04403}.Debug|iPhone.Build.0 = Debug|iPhone
		{4B905E22-7337-410E-84F2-36C9B2E04403}.Debug|iPhoneSimulator.ActiveCfg = Debug|iPhoneSimulator
		{4B905E22-7337-410E-84F2-36C9B2E04403}.Debug|iPhoneSimulator.Build.0 = Debug|iPhoneSimulator
		{4B905E22-7337-410E-84F2-36C9B2E04403}.Debug|x64.ActiveCfg = Debug|iPhone
		{4B905E22-7337-410E-84F2-36C9B2E04403}.Debug|x86.ActiveCfg = Debug|iPhone
		{4B905E22-7337-410E-84F2-36C9B2E04403}.Release|Any CPU.ActiveCfg = Release|iPhone
		{4B905E22-7337-410E-84F2-36C9B2E04403}.Release|ARM.ActiveCfg = Release|iPhone
		{4B905E22-7337-410E-84F2-36C9B2E04403}.Release|iPhone.ActiveCfg = Release|iPhone
		{4B905E22-7337-410E-84F2-36C9B2E04403}.Release|iPhone.Build.0 = Release|iPhone
		{4B905E22-7337-410E-84F2-36C9B2E04403}.Release|iPhoneSimulator.ActiveCfg = Release|iPhoneSimulator
		{4B905E22-7337-410E-84F2-36C9B2E04403}.Release|iPhoneSimulator.Build.0 = Release|iPhoneSimulator
		{4B905E22-7337-410E-84F2-36C9B2E04403}.Release|x64.ActiveCfg = Release|iPhone
		{4B905E22-7337-410E-84F2-36C9B2E04403}.Release|x86.ActiveCfg = Release|iPhone
		{5ABD709E-DEF5-496F-9CAC-4AC098E03A3A}.Ad-Hoc|Any CPU.ActiveCfg = Release|Any CPU
		{5ABD709E-DEF5-496F-9CAC-4AC098E03A3A}.Ad-Hoc|Any CPU.Build.0 = Release|Any CPU
		{5ABD709E-DEF5-496F-9CAC-4AC098E03A3A}.Ad-Hoc|Any CPU.Deploy.0 = Release|Any CPU
		{5ABD709E-DEF5-496F-9CAC-4AC098E03A3A}.Ad-Hoc|ARM.ActiveCfg = Release|ARM
		{5ABD709E-DEF5-496F-9CAC-4AC098E03A3A}.Ad-Hoc|ARM.Build.0 = Release|ARM
		{5ABD709E-DEF5-496F-9CAC-4AC098E03A3A}.Ad-Hoc|ARM.Deploy.0 = Release|ARM
		{5ABD709E-DEF5-496F-9CAC-4AC098E03A3A}.Ad-Hoc|iPhone.ActiveCfg = Release|Any CPU
		{5ABD709E-DEF5-496F-9CAC-4AC098E03A3A}.Ad-Hoc|iPhone.Build.0 = Release|Any CPU
		{5ABD709E-DEF5-496F-9CAC-4AC098E03A3A}.Ad-Hoc|iPhone.Deploy.0 = Release|Any CPU
		{5ABD709E-DEF5-496F-9CAC-4AC098E03A3A}.Ad-Hoc|iPhoneSimulator.ActiveCfg = Release|Any CPU
		{5ABD709E-DEF5-496F-9CAC-4AC098E03A3A}.Ad-Hoc|iPhoneSimulator.Build.0 = Release|Any CPU
		{5ABD709E-DEF5-496F-9CAC-4AC098E03A3A}.Ad-Hoc|iPhoneSimulator.Deploy.0 = Release|Any CPU
		{5ABD709E-DEF5-496F-9CAC-4AC098E03A3A}.Ad-Hoc|x64.ActiveCfg = Release|Any CPU
		{5ABD709E-DEF5-496F-9CAC-4AC098E03A3A}.Ad-Hoc|x64.Build.0 = Release|Any CPU
		{5ABD709E-DEF5-496F-9CAC-4AC098E03A3A}.Ad-Hoc|x64.Deploy.0 = Release|Any CPU
		{5ABD709E-DEF5-496F-9CAC-4AC098E03A3A}.Ad-Hoc|x86.ActiveCfg = Release|x86
		{5ABD709E-DEF5-496F-9CAC-4AC098E03A3A}.Ad-Hoc|x86.Build.0 = Release|x86
		{5ABD709E-DEF5-496F-9CAC-4AC098E03A3A}.Ad-Hoc|x86.Deploy.0 = Release|x86
		{5ABD709E-DEF5-496F-9CAC-4AC098E03A3A}.AppStore|Any CPU.ActiveCfg = Release|Any CPU
		{5ABD709E-DEF5-496F-9CAC-4AC098E03A3A}.AppStore|Any CPU.Build.0 = Release|Any CPU
		{5ABD709E-DEF5-496F-9CAC-4AC098E03A3A}.AppStore|Any CPU.Deploy.0 = Release|Any CPU
		{5ABD709E-DEF5-496F-9CAC-4AC098E03A3A}.AppStore|ARM.ActiveCfg = Release|ARM
		{5ABD709E-DEF5-496F-9CAC-4AC098E03A3A}.AppStore|ARM.Build.0 = Release|ARM
		{5ABD709E-DEF5-496F-9CAC-4AC098E03A3A}.AppStore|ARM.Deploy.0 = Release|ARM
		{5ABD709E-DEF5-496F-9CAC-4AC098E03A3A}.AppStore|iPhone.ActiveCfg = Release|Any CPU
		{5ABD709E-DEF5-496F-9CAC-4AC098E03A3A}.AppStore|iPhone.Build.0 = Release|Any CPU
		{5ABD709E-DEF5-496F-9CAC-4AC098E03A3A}.AppStore|iPhone.Deploy.0 = Release|Any CPU
		{5ABD709E-DEF5-496F-9CAC-4AC098E03A3A}.AppStore|iPhoneSimulator.ActiveCfg = Release|Any CPU
		{5ABD709E-DEF5-496F-9CAC-4AC098E03A3A}.AppStore|iPhoneSimulator.Build.0 = Release|Any CPU
		{5ABD709E-DEF5-496F-9CAC-4AC098E03A3A}.AppStore|iPhoneSimulator.Deploy.0 = Release|Any CPU
		{5ABD709E-DEF5-496F-9CAC-4AC098E03A3A}.AppStore|x64.ActiveCfg = Release|Any CPU
		{5ABD709E-DEF5-496F-9CAC-4AC098E03A3A}.AppStore|x64.Build.0 = Release|Any CPU
		{5ABD709E-DEF5-496F-9CAC-4AC098E03A3A}.AppStore|x64.Deploy.0 = Release|Any CPU
		{5ABD709E-DEF5-496F-9CAC-4AC098E03A3A}.AppStore|x86.ActiveCfg = Release|x86
		{5ABD709E-DEF5-496F-9CAC-4AC098E03A3A}.AppStore|x86.Build.0 = Release|x86
		{5ABD709E-DEF5-496F-9CAC-4AC098E03A3A}.AppStore|x86.Deploy.0 = Release|x86
		{5ABD709E-DEF5-496F-9CAC-4AC098E03A3A}.Debug|Any CPU.ActiveCfg = Debug|Any CPU
		{5ABD709E-DEF5-496F-9CAC-4AC098E03A3A}.Debug|Any CPU.Build.0 = Debug|Any CPU
		{5ABD709E-DEF5-496F-9CAC-4AC098E03A3A}.Debug|Any CPU.Deploy.0 = Debug|Any CPU
		{5ABD709E-DEF5-496F-9CAC-4AC098E03A3A}.Debug|ARM.ActiveCfg = Debug|ARM
		{5ABD709E-DEF5-496F-9CAC-4AC098E03A3A}.Debug|ARM.Build.0 = Debug|ARM
		{5ABD709E-DEF5-496F-9CAC-4AC098E03A3A}.Debug|ARM.Deploy.0 = Debug|ARM
		{5ABD709E-DEF5-496F-9CAC-4AC098E03A3A}.Debug|iPhone.ActiveCfg = Debug|Any CPU
		{5ABD709E-DEF5-496F-9CAC-4AC098E03A3A}.Debug|iPhone.Build.0 = Debug|Any CPU
		{5ABD709E-DEF5-496F-9CAC-4AC098E03A3A}.Debug|iPhone.Deploy.0 = Debug|Any CPU
		{5ABD709E-DEF5-496F-9CAC-4AC098E03A3A}.Debug|iPhoneSimulator.ActiveCfg = Debug|Any CPU
		{5ABD709E-DEF5-496F-9CAC-4AC098E03A3A}.Debug|iPhoneSimulator.Build.0 = Debug|Any CPU
		{5ABD709E-DEF5-496F-9CAC-4AC098E03A3A}.Debug|iPhoneSimulator.Deploy.0 = Debug|Any CPU
		{5ABD709E-DEF5-496F-9CAC-4AC098E03A3A}.Debug|x64.ActiveCfg = Debug|Any CPU
		{5ABD709E-DEF5-496F-9CAC-4AC098E03A3A}.Debug|x64.Build.0 = Debug|Any CPU
		{5ABD709E-DEF5-496F-9CAC-4AC098E03A3A}.Debug|x64.Deploy.0 = Debug|Any CPU
		{5ABD709E-DEF5-496F-9CAC-4AC098E03A3A}.Debug|x86.ActiveCfg = Debug|x86
		{5ABD709E-DEF5-496F-9CAC-4AC098E03A3A}.Debug|x86.Build.0 = Debug|x86
		{5ABD709E-DEF5-496F-9CAC-4AC098E03A3A}.Debug|x86.Deploy.0 = Debug|x86
		{5ABD709E-DEF5-496F-9CAC-4AC098E03A3A}.Release|Any CPU.ActiveCfg = Release|Any CPU
		{5ABD709E-DEF5-496F-9CAC-4AC098E03A3A}.Release|Any CPU.Build.0 = Release|Any CPU
		{5ABD709E-DEF5-496F-9CAC-4AC098E03A3A}.Release|Any CPU.Deploy.0 = Release|Any CPU
		{5ABD709E-DEF5-496F-9CAC-4AC098E03A3A}.Release|ARM.ActiveCfg = Release|ARM
		{5ABD709E-DEF5-496F-9CAC-4AC098E03A3A}.Release|ARM.Build.0 = Release|ARM
		{5ABD709E-DEF5-496F-9CAC-4AC098E03A3A}.Release|ARM.Deploy.0 = Release|ARM
		{5ABD709E-DEF5-496F-9CAC-4AC098E03A3A}.Release|iPhone.ActiveCfg = Release|Any CPU
		{5ABD709E-DEF5-496F-9CAC-4AC098E03A3A}.Release|iPhone.Build.0 = Release|Any CPU
		{5ABD709E-DEF5-496F-9CAC-4AC098E03A3A}.Release|iPhone.Deploy.0 = Release|Any CPU
		{5ABD709E-DEF5-496F-9CAC-4AC098E03A3A}.Release|iPhoneSimulator.ActiveCfg = Release|Any CPU
		{5ABD709E-DEF5-496F-9CAC-4AC098E03A3A}.Release|iPhoneSimulator.Build.0 = Release|Any CPU
		{5ABD709E-DEF5-496F-9CAC-4AC098E03A3A}.Release|iPhoneSimulator.Deploy.0 = Release|Any CPU
		{5ABD709E-DEF5-496F-9CAC-4AC098E03A3A}.Release|x64.ActiveCfg = Release|Any CPU
		{5ABD709E-DEF5-496F-9CAC-4AC098E03A3A}.Release|x64.Build.0 = Release|Any CPU
		{5ABD709E-DEF5-496F-9CAC-4AC098E03A3A}.Release|x64.Deploy.0 = Release|Any CPU
		{5ABD709E-DEF5-496F-9CAC-4AC098E03A3A}.Release|x86.ActiveCfg = Release|x86
		{5ABD709E-DEF5-496F-9CAC-4AC098E03A3A}.Release|x86.Build.0 = Release|x86
		{5ABD709E-DEF5-496F-9CAC-4AC098E03A3A}.Release|x86.Deploy.0 = Release|x86
		{71F324A1-52D7-41C8-9DB9-BB3719908C1A}.Ad-Hoc|Any CPU.ActiveCfg = Release|Any CPU
		{71F324A1-52D7-41C8-9DB9-BB3719908C1A}.Ad-Hoc|Any CPU.Build.0 = Release|Any CPU
		{71F324A1-52D7-41C8-9DB9-BB3719908C1A}.Ad-Hoc|Any CPU.Deploy.0 = Release|Any CPU
		{71F324A1-52D7-41C8-9DB9-BB3719908C1A}.Ad-Hoc|ARM.ActiveCfg = Release|ARM
		{71F324A1-52D7-41C8-9DB9-BB3719908C1A}.Ad-Hoc|ARM.Build.0 = Release|ARM
		{71F324A1-52D7-41C8-9DB9-BB3719908C1A}.Ad-Hoc|ARM.Deploy.0 = Release|ARM
		{71F324A1-52D7-41C8-9DB9-BB3719908C1A}.Ad-Hoc|iPhone.ActiveCfg = Release|Any CPU
		{71F324A1-52D7-41C8-9DB9-BB3719908C1A}.Ad-Hoc|iPhone.Build.0 = Release|Any CPU
		{71F324A1-52D7-41C8-9DB9-BB3719908C1A}.Ad-Hoc|iPhone.Deploy.0 = Release|Any CPU
		{71F324A1-52D7-41C8-9DB9-BB3719908C1A}.Ad-Hoc|iPhoneSimulator.ActiveCfg = Release|Any CPU
		{71F324A1-52D7-41C8-9DB9-BB3719908C1A}.Ad-Hoc|iPhoneSimulator.Build.0 = Release|Any CPU
		{71F324A1-52D7-41C8-9DB9-BB3719908C1A}.Ad-Hoc|iPhoneSimulator.Deploy.0 = Release|Any CPU
		{71F324A1-52D7-41C8-9DB9-BB3719908C1A}.Ad-Hoc|x64.ActiveCfg = Release|x64
		{71F324A1-52D7-41C8-9DB9-BB3719908C1A}.Ad-Hoc|x64.Build.0 = Release|x64
		{71F324A1-52D7-41C8-9DB9-BB3719908C1A}.Ad-Hoc|x64.Deploy.0 = Release|x64
		{71F324A1-52D7-41C8-9DB9-BB3719908C1A}.Ad-Hoc|x86.ActiveCfg = Release|x86
		{71F324A1-52D7-41C8-9DB9-BB3719908C1A}.Ad-Hoc|x86.Build.0 = Release|x86
		{71F324A1-52D7-41C8-9DB9-BB3719908C1A}.Ad-Hoc|x86.Deploy.0 = Release|x86
		{71F324A1-52D7-41C8-9DB9-BB3719908C1A}.AppStore|Any CPU.ActiveCfg = Release|Any CPU
		{71F324A1-52D7-41C8-9DB9-BB3719908C1A}.AppStore|Any CPU.Build.0 = Release|Any CPU
		{71F324A1-52D7-41C8-9DB9-BB3719908C1A}.AppStore|Any CPU.Deploy.0 = Release|Any CPU
		{71F324A1-52D7-41C8-9DB9-BB3719908C1A}.AppStore|ARM.ActiveCfg = Release|ARM
		{71F324A1-52D7-41C8-9DB9-BB3719908C1A}.AppStore|ARM.Build.0 = Release|ARM
		{71F324A1-52D7-41C8-9DB9-BB3719908C1A}.AppStore|ARM.Deploy.0 = Release|ARM
		{71F324A1-52D7-41C8-9DB9-BB3719908C1A}.AppStore|iPhone.ActiveCfg = Release|Any CPU
		{71F324A1-52D7-41C8-9DB9-BB3719908C1A}.AppStore|iPhone.Build.0 = Release|Any CPU
		{71F324A1-52D7-41C8-9DB9-BB3719908C1A}.AppStore|iPhone.Deploy.0 = Release|Any CPU
		{71F324A1-52D7-41C8-9DB9-BB3719908C1A}.AppStore|iPhoneSimulator.ActiveCfg = Release|Any CPU
		{71F324A1-52D7-41C8-9DB9-BB3719908C1A}.AppStore|iPhoneSimulator.Build.0 = Release|Any CPU
		{71F324A1-52D7-41C8-9DB9-BB3719908C1A}.AppStore|iPhoneSimulator.Deploy.0 = Release|Any CPU
		{71F324A1-52D7-41C8-9DB9-BB3719908C1A}.AppStore|x64.ActiveCfg = Release|x64
		{71F324A1-52D7-41C8-9DB9-BB3719908C1A}.AppStore|x64.Build.0 = Release|x64
		{71F324A1-52D7-41C8-9DB9-BB3719908C1A}.AppStore|x64.Deploy.0 = Release|x64
		{71F324A1-52D7-41C8-9DB9-BB3719908C1A}.AppStore|x86.ActiveCfg = Release|x86
		{71F324A1-52D7-41C8-9DB9-BB3719908C1A}.AppStore|x86.Build.0 = Release|x86
		{71F324A1-52D7-41C8-9DB9-BB3719908C1A}.AppStore|x86.Deploy.0 = Release|x86
		{71F324A1-52D7-41C8-9DB9-BB3719908C1A}.Debug|Any CPU.ActiveCfg = Debug|Any CPU
		{71F324A1-52D7-41C8-9DB9-BB3719908C1A}.Debug|Any CPU.Build.0 = Debug|Any CPU
		{71F324A1-52D7-41C8-9DB9-BB3719908C1A}.Debug|Any CPU.Deploy.0 = Debug|Any CPU
		{71F324A1-52D7-41C8-9DB9-BB3719908C1A}.Debug|ARM.ActiveCfg = Debug|ARM
		{71F324A1-52D7-41C8-9DB9-BB3719908C1A}.Debug|ARM.Build.0 = Debug|ARM
		{71F324A1-52D7-41C8-9DB9-BB3719908C1A}.Debug|ARM.Deploy.0 = Debug|ARM
		{71F324A1-52D7-41C8-9DB9-BB3719908C1A}.Debug|iPhone.ActiveCfg = Debug|Any CPU
		{71F324A1-52D7-41C8-9DB9-BB3719908C1A}.Debug|iPhone.Build.0 = Debug|Any CPU
		{71F324A1-52D7-41C8-9DB9-BB3719908C1A}.Debug|iPhone.Deploy.0 = Debug|Any CPU
		{71F324A1-52D7-41C8-9DB9-BB3719908C1A}.Debug|iPhoneSimulator.ActiveCfg = Debug|Any CPU
		{71F324A1-52D7-41C8-9DB9-BB3719908C1A}.Debug|iPhoneSimulator.Build.0 = Debug|Any CPU
		{71F324A1-52D7-41C8-9DB9-BB3719908C1A}.Debug|iPhoneSimulator.Deploy.0 = Debug|Any CPU
		{71F324A1-52D7-41C8-9DB9-BB3719908C1A}.Debug|x64.ActiveCfg = Debug|x64
		{71F324A1-52D7-41C8-9DB9-BB3719908C1A}.Debug|x64.Build.0 = Debug|x64
		{71F324A1-52D7-41C8-9DB9-BB3719908C1A}.Debug|x64.Deploy.0 = Debug|x64
		{71F324A1-52D7-41C8-9DB9-BB3719908C1A}.Debug|x86.ActiveCfg = Debug|x86
		{71F324A1-52D7-41C8-9DB9-BB3719908C1A}.Debug|x86.Build.0 = Debug|x86
		{71F324A1-52D7-41C8-9DB9-BB3719908C1A}.Debug|x86.Deploy.0 = Debug|x86
		{71F324A1-52D7-41C8-9DB9-BB3719908C1A}.Release|Any CPU.ActiveCfg = Release|Any CPU
		{71F324A1-52D7-41C8-9DB9-BB3719908C1A}.Release|Any CPU.Build.0 = Release|Any CPU
		{71F324A1-52D7-41C8-9DB9-BB3719908C1A}.Release|Any CPU.Deploy.0 = Release|Any CPU
		{71F324A1-52D7-41C8-9DB9-BB3719908C1A}.Release|ARM.ActiveCfg = Release|ARM
		{71F324A1-52D7-41C8-9DB9-BB3719908C1A}.Release|ARM.Build.0 = Release|ARM
		{71F324A1-52D7-41C8-9DB9-BB3719908C1A}.Release|ARM.Deploy.0 = Release|ARM
		{71F324A1-52D7-41C8-9DB9-BB3719908C1A}.Release|iPhone.ActiveCfg = Release|Any CPU
		{71F324A1-52D7-41C8-9DB9-BB3719908C1A}.Release|iPhone.Build.0 = Release|Any CPU
		{71F324A1-52D7-41C8-9DB9-BB3719908C1A}.Release|iPhone.Deploy.0 = Release|Any CPU
		{71F324A1-52D7-41C8-9DB9-BB3719908C1A}.Release|iPhoneSimulator.ActiveCfg = Release|Any CPU
		{71F324A1-52D7-41C8-9DB9-BB3719908C1A}.Release|iPhoneSimulator.Build.0 = Release|Any CPU
		{71F324A1-52D7-41C8-9DB9-BB3719908C1A}.Release|iPhoneSimulator.Deploy.0 = Release|Any CPU
		{71F324A1-52D7-41C8-9DB9-BB3719908C1A}.Release|x64.ActiveCfg = Release|x64
		{71F324A1-52D7-41C8-9DB9-BB3719908C1A}.Release|x64.Build.0 = Release|x64
		{71F324A1-52D7-41C8-9DB9-BB3719908C1A}.Release|x64.Deploy.0 = Release|x64
		{71F324A1-52D7-41C8-9DB9-BB3719908C1A}.Release|x86.ActiveCfg = Release|x86
		{71F324A1-52D7-41C8-9DB9-BB3719908C1A}.Release|x86.Build.0 = Release|x86
		{71F324A1-52D7-41C8-9DB9-BB3719908C1A}.Release|x86.Deploy.0 = Release|x86
	EndGlobalSection
	GlobalSection(SolutionProperties) = preSolution
		HideSolutionNode = FALSE
	EndGlobalSection
EndGlobal
